
Microsoft Visual Studio Solution File, Format Version 12.00
# Visual Studio Version 16
VisualStudioVersion = 16.0.29123.88
MinimumVisualStudioVersion = 10.0.40219.1
Project("{FAE04EC0-301F-11D3-BF4B-00C04F79EFBC}") = "TakiFront", "TakiFront\TakiFront.csproj", "{8E17AA9D-4E0E-4D0A-BB01-776EF1D9BE5D}"
EndProject
Global
	GlobalSection(SolutionConfigurationPlatforms) = preSolution
		Debug|Any CPU = Debug|Any CPU
		Release|Any CPU = Release|Any CPU
	EndGlobalSection
	GlobalSection(ProjectConfigurationPlatforms) = postSolution
		{8E17AA9D-4E0E-4D0A-BB01-776EF1D9BE5D}.Debug|Any CPU.ActiveCfg = Debug|Any CPU
		{8E17AA9D-4E0E-4D0A-BB01-776EF1D9BE5D}.Debug|Any CPU.Build.0 = Debug|Any CPU
		{8E17AA9D-4E0E-4D0A-BB01-776EF1D9BE5D}.Release|Any CPU.ActiveCfg = Release|Any CPU
		{8E17AA9D-4E0E-4D0A-BB01-776EF1D9BE5D}.Release|Any CPU.Build.0 = Release|Any CPU
	EndGlobalSection
	GlobalSection(SolutionProperties) = preSolution
		HideSolutionNode = FALSE
	EndGlobalSection
	GlobalSection(ExtensibilityGlobals) = postSolution
		SolutionGuid = {390BDAF8-C5F6-4DD9-A93A-45D6C6673C64}
	EndGlobalSection
EndGlobal
